schema: '2.0'
stages:
  data_ingestion:
    cmd: python src/data_ingestion.py
    deps:
    - path: src/data_ingestion.py
      hash: md5
      md5: ebb9a415ab5fe92ca7ca10f057aa23e7
      size: 2785
    params:
      params.yaml:
        data_ingestion.test_size: 0.4
    outs:
    - path: data/raw
      hash: md5
      md5: 1115e5694134d8e5c6202a6b8885ff9e.dir
      size: 1006158
      nfiles: 2
  data_preprocessing:
    cmd: python src/data_preprocessing.py
    deps:
    - path: src/data_preprocessing.py
      hash: md5
      md5: f4a0bddc61d7c1b9fd6eca271634edc3
      size: 2521
    outs:
    - path: data/processed
      hash: md5
      md5: 18ba046ccb3dc186d04805fd4a63b9bf.dir
      size: 370002
      nfiles: 2
  data_preproprocessing:
    cmd: python src/data_preprocessing.py
    deps:
    - path: data/raw
      hash: md5
      md5: 1115e5694134d8e5c6202a6b8885ff9e.dir
      size: 1006158
      nfiles: 2
    - path: src/data_preprocessing.py
      hash: md5
      md5: f4a0bddc61d7c1b9fd6eca271634edc3
      size: 2521
    outs:
    - path: data/processed
      hash: md5
      md5: 543266b43143dcd712b7b30d1394ed0e.dir
      size: 747194
      nfiles: 2
  feature_engineering:
    cmd: python src/feature_engineering.py
    deps:
    - path: data/processed
      hash: md5
      md5: 543266b43143dcd712b7b30d1394ed0e.dir
      size: 747194
      nfiles: 2
    - path: src/feature_engineering.py
      hash: md5
      md5: d9ac9a9f6f75f7f83ab156f0e56dffaf
      size: 1078
    params:
      params.yaml:
        feature_engineering.max_features: 50
    outs:
    - path: data/features
      hash: md5
      md5: b54b3484d093734dce9a1a4e10864439.dir
      size: 1137826
      nfiles: 2
  model_training:
    cmd: python src/model_training.py
    deps:
    - path: data/features
      hash: md5
      md5: b54b3484d093734dce9a1a4e10864439.dir
      size: 1137826
      nfiles: 2
    - path: src/model_training.py
      hash: md5
      md5: f67566e5da9ba3125b4334dddab291e0
      size: 649
    params:
      params.yaml:
        model_building.learning_rate: 0.1
        model_building.n_estimators: 100
    outs:
    - path: model.pkl
      hash: md5
      md5: 7db18da602f02ecb43726398e4d409f5
      size: 132218
  model_evaluation:
    cmd: python src/model_evaluation.py
    deps:
    - path: model.pkl
      hash: md5
      md5: 7db18da602f02ecb43726398e4d409f5
      size: 132218
    - path: src/model_evaluation.py
      hash: md5
      md5: c1766b409bf893700a902f72b2db39f7
      size: 852
    outs:
    - path: metrics.json
      hash: md5
      md5: 08b0f99e0aa3bd7c3545bb57b1b27936
      size: 145
