schema: '2.0'
stages:
  data_ingestion:
    cmd: python src/data_ingestion.py
    deps:
    - path: src/data_ingestion.py
      hash: md5
      md5: 866e42e2992040a6fa5f6687e54cdfbe
      size: 724
    outs:
    - path: data/raw
      hash: md5
      md5: f3154e78b81bd3146418d95adfe640e8.dir
      size: 1006158
      nfiles: 2
  data_preprocessing:
    cmd: python src/data_preprocessing.py
    deps:
    - path: src/data_preprocessing.py
      hash: md5
      md5: f4a0bddc61d7c1b9fd6eca271634edc3
      size: 2521
    outs:
    - path: data/processed
      hash: md5
      md5: 18ba046ccb3dc186d04805fd4a63b9bf.dir
      size: 370002
      nfiles: 2
  data_preproprocessing:
    cmd: python src/data_preprocessing.py
    deps:
    - path: data/raw
      hash: md5
      md5: f3154e78b81bd3146418d95adfe640e8.dir
      size: 1006158
      nfiles: 2
    - path: src/data_preprocessing.py
      hash: md5
      md5: f4a0bddc61d7c1b9fd6eca271634edc3
      size: 2521
    outs:
    - path: data/processed
      hash: md5
      md5: 18ba046ccb3dc186d04805fd4a63b9bf.dir
      size: 370002
      nfiles: 2
  feature_engineering:
    cmd: python src/feature_engineering.py
    deps:
    - path: data/processed
      hash: md5
      md5: 18ba046ccb3dc186d04805fd4a63b9bf.dir
      size: 370002
      nfiles: 2
    - path: src/feature_engineering.py
      hash: md5
      md5: 0430e0821524c420732a67d191bb1f23
      size: 946
    outs:
    - path: data/features
      hash: md5
      md5: 2eb88588dc473e84dcf505a0b060ad5f.dir
      size: 74374618
      nfiles: 2
  model_training:
    cmd: python src/model_training.py
    deps:
    - path: data/features
      hash: md5
      md5: 2eb88588dc473e84dcf505a0b060ad5f.dir
      size: 74374618
      nfiles: 2
    - path: src/model_training.py
      hash: md5
      md5: 6c2d3e824cb4031f3493888dd2cd9c89
      size: 411
    outs:
    - path: model.pkl
      hash: md5
      md5: 621bb0ef1a7af38977fdcbf13a15ebe4
      size: 67808
  model_evaluation:
    cmd: python src/model_evaluation.py
    deps:
    - path: model.pkl
      hash: md5
      md5: 621bb0ef1a7af38977fdcbf13a15ebe4
      size: 67808
    - path: src/model_evaluation.py
      hash: md5
      md5: c1766b409bf893700a902f72b2db39f7
      size: 852
    outs:
    - path: metrics.json
      hash: md5
      md5: 2b66b8a8f81c2ae7095325282699b9e7
      size: 145
